
Microsoft Visual Studio Solution File, Format Version 12.00
# Visual Studio Version 17
VisualStudioVersion = 17.2.32630.192
MinimumVisualStudioVersion = 10.0.40219.1
Project("{FAE04EC0-301F-11D3-BF4B-00C04F79EFBC}") = "WorkOrderApi", "WorkOrderApi\WorkOrderApi.csproj", "{BB7185F1-8237-4CC5-A703-BAB25D7E2F79}"
EndProject
Project("{FAE04EC0-301F-11D3-BF4B-00C04F79EFBC}") = "WorkOrders_DAL", "WorkOrders_DAL\WorkOrders_DAL.csproj", "{9124978A-27C4-48FD-8528-7438F8FCAA11}"
EndProject
Project("{FAE04EC0-301F-11D3-BF4B-00C04F79EFBC}") = "WorkOrders_BAL", "WorkOrders_BAL\WorkOrders_BAL.csproj", "{0BC49DAC-EDDB-49D5-B787-F78C5C973D4C}"
EndProject
Global
	GlobalSection(SolutionConfigurationPlatforms) = preSolution
		Debug|Any CPU = Debug|Any CPU
		Release|Any CPU = Release|Any CPU
	EndGlobalSection
	GlobalSection(ProjectConfigurationPlatforms) = postSolution
		{BB7185F1-8237-4CC5-A703-BAB25D7E2F79}.Debug|Any CPU.ActiveCfg = Debug|Any CPU
		{BB7185F1-8237-4CC5-A703-BAB25D7E2F79}.Debug|Any CPU.Build.0 = Debug|Any CPU
		{BB7185F1-8237-4CC5-A703-BAB25D7E2F79}.Release|Any CPU.ActiveCfg = Release|Any CPU
		{BB7185F1-8237-4CC5-A703-BAB25D7E2F79}.Release|Any CPU.Build.0 = Release|Any CPU
		{9124978A-27C4-48FD-8528-7438F8FCAA11}.Debug|Any CPU.ActiveCfg = Debug|Any CPU
		{9124978A-27C4-48FD-8528-7438F8FCAA11}.Debug|Any CPU.Build.0 = Debug|Any CPU
		{9124978A-27C4-48FD-8528-7438F8FCAA11}.Release|Any CPU.ActiveCfg = Release|Any CPU
		{9124978A-27C4-48FD-8528-7438F8FCAA11}.Release|Any CPU.Build.0 = Release|Any CPU
		{0BC49DAC-EDDB-49D5-B787-F78C5C973D4C}.Debug|Any CPU.ActiveCfg = Debug|Any CPU
		{0BC49DAC-EDDB-49D5-B787-F78C5C973D4C}.Debug|Any CPU.Build.0 = Debug|Any CPU
		{0BC49DAC-EDDB-49D5-B787-F78C5C973D4C}.Release|Any CPU.ActiveCfg = Release|Any CPU
		{0BC49DAC-EDDB-49D5-B787-F78C5C973D4C}.Release|Any CPU.Build.0 = Release|Any CPU
	EndGlobalSection
	GlobalSection(SolutionProperties) = preSolution
		HideSolutionNode = FALSE
	EndGlobalSection
	GlobalSection(ExtensibilityGlobals) = postSolution
		SolutionGuid = {518AB929-8BEE-49D5-85F7-D233F980E86C}
	EndGlobalSection
EndGlobal
